Microsoft Visual Studio Solution File, Format Version 12.00
# Visual Studio Version 17
VisualStudioVersion = 17.5.2.0
MinimumVisualStudioVersion = 10.0.40219.1
Project("{FAE04EC0-301F-11D3-BF4B-00C04F79EFBC}") = "EntityFrameworkOpgave", "EntityFrameworkOpgave.csproj", "{27BC121D-AF51-B671-394E-75F4735D3225}"
EndProject
Global
	GlobalSection(SolutionConfigurationPlatforms) = preSolution
		Debug|Any CPU = Debug|Any CPU
		Release|Any CPU = Release|Any CPU
	EndGlobalSection
	GlobalSection(ProjectConfigurationPlatforms) = postSolution
		{27BC121D-AF51-B671-394E-75F4735D3225}.Debug|Any CPU.ActiveCfg = Debug|Any CPU
		{27BC121D-AF51-B671-394E-75F4735D3225}.Debug|Any CPU.Build.0 = Debug|Any CPU
		{27BC121D-AF51-B671-394E-75F4735D3225}.Release|Any CPU.ActiveCfg = Release|Any CPU
		{27BC121D-AF51-B671-394E-75F4735D3225}.Release|Any CPU.Build.0 = Release|Any CPU
	EndGlobalSection
	GlobalSection(SolutionProperties) = preSolution
		HideSolutionNode = FALSE
	EndGlobalSection
	GlobalSection(ExtensibilityGlobals) = postSolution
		SolutionGuid = {1F123A15-B23A-426D-B7C1-93852E7B439F}
	EndGlobalSection
EndGlobal
